
Microsoft Visual Studio Solution File, Format Version 12.00
# Visual Studio Version 16
VisualStudioVersion = 16.0.30907.101
MinimumVisualStudioVersion = 10.0.40219.1
Project("{FAE04EC0-301F-11D3-BF4B-00C04F79EFBC}") = "SilveryApi", "SilveryApi\SilveryApi.csproj", "{A3DA8417-A497-45ED-9718-B4CE15DFB84A}"
EndProject
Global
	GlobalSection(SolutionConfigurationPlatforms) = preSolution
		Debug|Any CPU = Debug|Any CPU
		Release|Any CPU = Release|Any CPU
	EndGlobalSection
	GlobalSection(ProjectConfigurationPlatforms) = postSolution
		{A3DA8417-A497-45ED-9718-B4CE15DFB84A}.Debug|Any CPU.ActiveCfg = Debug|Any CPU
		{A3DA8417-A497-45ED-9718-B4CE15DFB84A}.Debug|Any CPU.Build.0 = Debug|Any CPU
		{A3DA8417-A497-45ED-9718-B4CE15DFB84A}.Release|Any CPU.ActiveCfg = Release|Any CPU
		{A3DA8417-A497-45ED-9718-B4CE15DFB84A}.Release|Any CPU.Build.0 = Release|Any CPU
	EndGlobalSection
	GlobalSection(SolutionProperties) = preSolution
		HideSolutionNode = FALSE
	EndGlobalSection
	GlobalSection(ExtensibilityGlobals) = postSolution
		SolutionGuid = {A3AF3D09-6709-4C45-B65D-0FD548C445FF}
	EndGlobalSection
EndGlobal
